# This file is automatically @generated by Cargo.
# It is not intended for manual editing.
[[package]]
name = "gts"
version = "0.1.0"
dependencies = [
 "minmax-tree-search",
]

[[package]]
name = "minmax-tree-search"
version = "0.1.0"
source = "git+https://github.com/prangel-git/minmax-tree-search.git?branch=main#5349d2742eb8e68e91a11aa67a65273d1f9a1cbd"
